# THIS IS AN AUTOGENERATED FILE. DO NOT EDIT THIS FILE DIRECTLY.
# yarn lockfile v1


"@babel/parser@^7.16.4":
  "integrity" "sha512-alVJj7k7zIxqBZ7BTRhz0IqJFxW1VJbm6N8JbcYhQ186df9ZBPbZBmWSqAMXwHGsCJdYks7z/voa3ibiS5bCIw=="
  "resolved" "https://registry.npmjs.org/@babel/parser/-/parser-7.21.4.tgz"
  "version" "7.21.4"

"@ctrl/tinycolor@^3.5.0":
  "integrity" "sha512-/Z3l6pXthq0JvMYdUFyX9j0MaCltlIn6mfh9jLyQwg5aPKxkyNa0PTHtU1AlFXLNk55ZuAeJRcpvq+tmLfKmaQ=="
  "resolved" "https://registry.npmjs.org/@ctrl/tinycolor/-/tinycolor-3.6.0.tgz"
  "version" "3.6.0"

"@digitalbazaar/http-client@^3.2.0":
  "integrity" "sha512-xg/DFl+TsgkFi7xsH9AIU0wGPaw3AhwhVC8Gs2/v1h/XnvImIc8fKFGpW9uU0nP9EXw/N4jEEhkOY1oe8Nv4Cw=="
  "resolved" "https://registry.npmjs.org/@digitalbazaar/http-client/-/http-client-3.3.0.tgz"
  "version" "3.3.0"
  dependencies:
    "ky" "^0.33.2"
    "ky-universal" "^0.11.0"
    "undici" "^5.15.0"

"@esbuild/darwin-x64@0.17.15":
  "integrity" "sha512-NbImBas2rXwYI52BOKTW342Tm3LTeVlaOQ4QPZ7XuWNKiO226DisFk/RyPk3T0CKZkKMuU69yOvlapJEmax7cg=="
  "resolved" "https://registry.npmjs.org/@esbuild/darwin-x64/-/darwin-x64-0.17.15.tgz"
  "version" "0.17.15"

"@floating-ui/core@^1.2.4":
  "integrity" "sha512-qrcbyfnRVziRlB6IYwjCopYhO7Vud750JlJyuljruIXcPxr22y8zdckcJGsuOdnQ639uVD1tTXddrcH3t3QYIQ=="
  "resolved" "https://registry.npmjs.org/@floating-ui/core/-/core-1.2.5.tgz"
  "version" "1.2.5"

"@floating-ui/dom@^1.2.1":
  "integrity" "sha512-+sAUfpQ3Frz+VCbPCqj+cZzvEESy3fjSeT/pDWkYCWOBXYNNKZfuVsHuv8/JO2zze8+Eb/Q7a6hZVgzS81fLbQ=="
  "resolved" "https://registry.npmjs.org/@floating-ui/dom/-/dom-1.2.5.tgz"
  "version" "1.2.5"
  dependencies:
    "@floating-ui/core" "^1.2.4"

"@fortawesome/fontawesome-common-types@6.4.0":
  "integrity" "sha512-HNii132xfomg5QVZw0HwXXpN22s7VBHQBv9CeOu9tfJnhsWQNd2lmTNi8CSrnw5B+5YOmzu1UoPAyxaXsJ6RgQ=="
  "resolved" "https://registry.npmjs.org/@fortawesome/fontawesome-common-types/-/fontawesome-common-types-6.4.0.tgz"
  "version" "6.4.0"

"@fortawesome/fontawesome-svg-core@^6.4.0", "@fortawesome/fontawesome-svg-core@~1 || ~6":
  "integrity" "sha512-Bertv8xOiVELz5raB2FlXDPKt+m94MQ3JgDfsVbrqNpLU9+UE2E18GKjLKw+d3XbeYPqg1pzyQKGsrzbw+pPaw=="
  "resolved" "https://registry.npmjs.org/@fortawesome/fontawesome-svg-core/-/fontawesome-svg-core-6.4.0.tgz"
  "version" "6.4.0"
  dependencies:
    "@fortawesome/fontawesome-common-types" "6.4.0"

"@fortawesome/free-brands-svg-icons@^6.4.0":
  "integrity" "sha512-qvxTCo0FQ5k2N+VCXb/PZQ+QMhqRVM4OORiO6MXdG6bKolIojGU/srQ1ptvKk0JTbRgaJOfL2qMqGvBEZG7Z6g=="
  "resolved" "https://registry.npmjs.org/@fortawesome/free-brands-svg-icons/-/free-brands-svg-icons-6.4.0.tgz"
  "version" "6.4.0"
  dependencies:
    "@fortawesome/fontawesome-common-types" "6.4.0"

"@fortawesome/free-regular-svg-icons@^6.4.0":
  "integrity" "sha512-ZfycI7D0KWPZtf7wtMFnQxs8qjBXArRzczABuMQqecA/nXohquJ5J/RCR77PmY5qGWkxAZDxpnUFVXKwtY/jPw=="
  "resolved" "https://registry.npmjs.org/@fortawesome/free-regular-svg-icons/-/free-regular-svg-icons-6.4.0.tgz"
  "version" "6.4.0"
  dependencies:
    "@fortawesome/fontawesome-common-types" "6.4.0"

"@fortawesome/free-solid-svg-icons@^6.4.0":
  "integrity" "sha512-kutPeRGWm8V5dltFP1zGjQOEAzaLZj4StdQhWVZnfGFCvAPVvHh8qk5bRrU4KXnRRRNni5tKQI9PBAdI6MP8nQ=="
  "resolved" "https://registry.npmjs.org/@fortawesome/free-solid-svg-icons/-/free-solid-svg-icons-6.4.0.tgz"
  "version" "6.4.0"
  dependencies:
    "@fortawesome/fontawesome-common-types" "6.4.0"

"@fortawesome/vue-fontawesome@^3.0.3":
  "integrity" "sha512-KCPHi9QemVXGMrfuwf3nNnNo129resAIQWut9QTAMXmXqL2ErABC6ohd2yY5Ipq0CLWNbKHk8TMdTXL/Zf3ZhA=="
  "resolved" "https://registry.npmjs.org/@fortawesome/vue-fontawesome/-/vue-fontawesome-3.0.3.tgz"
  "version" "3.0.3"

"@lit-labs/react@^1.1.1":
  "integrity" "sha512-9TC+/ZWb6BJlWCyUr14FKFlaGnyKpeEDorufXozQgke/VoVrslUQNaL7nBmrAWdNrmzx5jWgi8lFmWwrxMjnlA=="
  "resolved" "https://registry.npmjs.org/@lit-labs/react/-/react-1.1.1.tgz"
  "version" "1.1.1"

"@lit-labs/ssr-dom-shim@^1.0.0", "@lit-labs/ssr-dom-shim@^1.1.0":
  "integrity" "sha512-92uQ5ARf7UXYrzaFcAX3T2rTvaS9Z1//ukV+DqjACM4c8s0ZBQd7ayJU5Dh2AFLD/Ayuyz4uMmxQec8q3U4Ong=="
  "resolved" "https://registry.npmjs.org/@lit-labs/ssr-dom-shim/-/ssr-dom-shim-1.1.0.tgz"
  "version" "1.1.0"

"@lit/reactive-element@^1.3.0", "@lit/reactive-element@^1.6.0":
  "integrity" "sha512-va15kYZr7KZNNPZdxONGQzpUr+4sxVu7V/VG7a8mRfPPXUyhEYj5RzXCQmGrlP3tAh0L3HHm5AjBMFYRqlM9SA=="
  "resolved" "https://registry.npmjs.org/@lit/reactive-element/-/reactive-element-1.6.1.tgz"
  "version" "1.6.1"
  dependencies:
    "@lit-labs/ssr-dom-shim" "^1.0.0"

"@netlify/functions@^1.4.0":
  "integrity" "sha512-gy7ULTIRroc2/jyFVGx1djCmmBMVisIwrvkqggq5B6iDcInRSy2Tpkm+V5C63hKJVkNRskKWtLQKm9ecCaQTjA=="
  "resolved" "https://registry.npmjs.org/@netlify/functions/-/functions-1.4.0.tgz"
  "version" "1.4.0"
  dependencies:
    "is-promise" "^4.0.0"

"@popperjs/core@^2.9.0":
  "integrity" "sha512-Cr4OjIkipTtcXKjAsm8agyleBuDHvxzeBoa1v543lbv1YaIwQjESsVcmjiWiPEbC1FIeHOG/Op9kdCmAmiS3Kw=="
  "resolved" "https://registry.npmjs.org/@popperjs/core/-/core-2.11.7.tgz"
  "version" "2.11.7"

"@shoelace-style/animations@^1.1.0":
  "integrity" "sha512-Be+cahtZyI2dPKRm8EZSx3YJQ+jLvEcn3xzRP7tM4tqBnvd/eW/64Xh0iOf0t2w5P8iJKfdBbpVNE9naCaOf2g=="
  "resolved" "https://registry.npmjs.org/@shoelace-style/animations/-/animations-1.1.0.tgz"
  "version" "1.1.0"

"@shoelace-style/localize@^3.1.0":
  "integrity" "sha512-evGxn5wIQh1/Ks1RbZm7rY4DxPKAUnXKTixZNgnYV/N2V8Bbbvsi+S14gNa42SQNUJK5WooNtlar2B8cehEwZQ=="
  "resolved" "https://registry.npmjs.org/@shoelace-style/localize/-/localize-3.1.0.tgz"
  "version" "3.1.0"

"@shoelace-style/shoelace@^2.3.0":
  "integrity" "sha512-8MhHTLoNTYUl2pmd/oxbY2LSDmikL3K1oM84Mp2lbmY0yihT6V51f1bnI/48jHxibBYzq8JKgDiWwLWdPcZR2A=="
  "resolved" "https://registry.npmjs.org/@shoelace-style/shoelace/-/shoelace-2.3.0.tgz"
  "version" "2.3.0"
  dependencies:
    "@ctrl/tinycolor" "^3.5.0"
    "@floating-ui/dom" "^1.2.1"
    "@lit-labs/react" "^1.1.1"
    "@shoelace-style/animations" "^1.1.0"
    "@shoelace-style/localize" "^3.1.0"
    "composed-offset-position" "^0.0.4"
    "lit" "^2.6.1"
    "qr-creator" "^1.0.0"

"@types/jsonld@^1.5.8":
  "integrity" "sha512-4l5t/jDnJpqZ+i7CLTTgPcT5BYXnAnwJupb07aAokPufCV0SjDHcwctUkSTuhIuSU9yHok+WOOngIGCtpL96gw=="
  "resolved" "https://registry.npmjs.org/@types/jsonld/-/jsonld-1.5.8.tgz"
  "version" "1.5.8"

"@types/marked@^4.3.0":
  "integrity" "sha512-zK4gSFMjgslsv5Lyvr3O1yCjgmnE4pr8jbG8qVn4QglMwtpvPCf4YT2Wma7Nk95OxUUJI8Z+kzdXohbM7mVpGw=="
  "resolved" "https://registry.npmjs.org/@types/marked/-/marked-4.3.0.tgz"
  "version" "4.3.0"

"@types/trusted-types@^2.0.2":
  "integrity" "sha512-NfQ4gyz38SL8sDNrSixxU2Os1a5xcdFxipAFxYEuLUlvU2uDwS4NUpsImcf1//SlWItCVMMLiylsxbmNMToV/g=="
  "resolved" "https://registry.npmjs.org/@types/trusted-types/-/trusted-types-2.0.3.tgz"
  "version" "2.0.3"

"@vitejs/plugin-vue@^4.1.0":
  "integrity" "sha512-++9JOAFdcXI3lyer9UKUV4rfoQ3T1RN8yDqoCLar86s0xQct5yblxAE+yWgRnU5/0FOlVCpTZpYSBV/bGWrSrQ=="
  "resolved" "https://registry.npmjs.org/@vitejs/plugin-vue/-/plugin-vue-4.1.0.tgz"
  "version" "4.1.0"

"@vue/compiler-core@3.2.47":
  "integrity" "sha512-p4D7FDnQb7+YJmO2iPEv0SQNeNzcbHdGByJDsT4lynf63AFkOTFN07HsiRSvjGo0QrxR/o3d0hUyNCUnBU2Tig=="
  "resolved" "https://registry.npmjs.org/@vue/compiler-core/-/compiler-core-3.2.47.tgz"
  "version" "3.2.47"
  dependencies:
    "@babel/parser" "^7.16.4"
    "@vue/shared" "3.2.47"
    "estree-walker" "^2.0.2"
    "source-map" "^0.6.1"

"@vue/compiler-dom@3.2.47":
  "integrity" "sha512-dBBnEHEPoftUiS03a4ggEig74J2YBZ2UIeyfpcRM2tavgMWo4bsEfgCGsu+uJIL/vax9S+JztH8NmQerUo7shQ=="
  "resolved" "https://registry.npmjs.org/@vue/compiler-dom/-/compiler-dom-3.2.47.tgz"
  "version" "3.2.47"
  dependencies:
    "@vue/compiler-core" "3.2.47"
    "@vue/shared" "3.2.47"

"@vue/compiler-sfc@3.2.47":
  "integrity" "sha512-rog05W+2IFfxjMcFw10tM9+f7i/+FFpZJJ5XHX72NP9eC2uRD+42M3pYcQqDXVYoj74kHMSEdQ/WmCjt8JFksQ=="
  "resolved" "https://registry.npmjs.org/@vue/compiler-sfc/-/compiler-sfc-3.2.47.tgz"
  "version" "3.2.47"
  dependencies:
    "@babel/parser" "^7.16.4"
    "@vue/compiler-core" "3.2.47"
    "@vue/compiler-dom" "3.2.47"
    "@vue/compiler-ssr" "3.2.47"
    "@vue/reactivity-transform" "3.2.47"
    "@vue/shared" "3.2.47"
    "estree-walker" "^2.0.2"
    "magic-string" "^0.25.7"
    "postcss" "^8.1.10"
    "source-map" "^0.6.1"

"@vue/compiler-ssr@3.2.47":
  "integrity" "sha512-wVXC+gszhulcMD8wpxMsqSOpvDZ6xKXSVWkf50Guf/S+28hTAXPDYRTbLQ3EDkOP5Xz/+SY37YiwDquKbJOgZw=="
  "resolved" "https://registry.npmjs.org/@vue/compiler-ssr/-/compiler-ssr-3.2.47.tgz"
  "version" "3.2.47"
  dependencies:
    "@vue/compiler-dom" "3.2.47"
    "@vue/shared" "3.2.47"

"@vue/devtools-api@^6.4.5", "@vue/devtools-api@^6.5.0":
  "integrity" "sha512-o9KfBeaBmCKl10usN4crU53fYtC1r7jJwdGKjPT24t348rHxgfpZ0xL3Xm/gLUYnc0oTp8LAmrxOeLyu6tbk2Q=="
  "resolved" "https://registry.npmjs.org/@vue/devtools-api/-/devtools-api-6.5.0.tgz"
  "version" "6.5.0"

"@vue/reactivity-transform@3.2.47":
  "integrity" "sha512-m8lGXw8rdnPVVIdIFhf0LeQ/ixyHkH5plYuS83yop5n7ggVJU+z5v0zecwEnX7fa7HNLBhh2qngJJkxpwEEmYA=="
  "resolved" "https://registry.npmjs.org/@vue/reactivity-transform/-/reactivity-transform-3.2.47.tgz"
  "version" "3.2.47"
  dependencies:
    "@babel/parser" "^7.16.4"
    "@vue/compiler-core" "3.2.47"
    "@vue/shared" "3.2.47"
    "estree-walker" "^2.0.2"
    "magic-string" "^0.25.7"

"@vue/reactivity@3.2.47":
  "integrity" "sha512-7khqQ/75oyyg+N/e+iwV6lpy1f5wq759NdlS1fpAhFXa8VeAIKGgk2E/C4VF59lx5b+Ezs5fpp/5WsRYXQiKxQ=="
  "resolved" "https://registry.npmjs.org/@vue/reactivity/-/reactivity-3.2.47.tgz"
  "version" "3.2.47"
  dependencies:
    "@vue/shared" "3.2.47"

"@vue/runtime-core@3.2.47":
  "integrity" "sha512-RZxbLQIRB/K0ev0K9FXhNbBzT32H9iRtYbaXb0ZIz2usLms/D55dJR2t6cIEUn6vyhS3ALNvNthI+Q95C+NOpA=="
  "resolved" "https://registry.npmjs.org/@vue/runtime-core/-/runtime-core-3.2.47.tgz"
  "version" "3.2.47"
  dependencies:
    "@vue/reactivity" "3.2.47"
    "@vue/shared" "3.2.47"

"@vue/runtime-dom@3.2.47":
  "integrity" "sha512-ArXrFTjS6TsDei4qwNvgrdmHtD930KgSKGhS5M+j8QxXrDJYLqYw4RRcDy1bz1m1wMmb6j+zGLifdVHtkXA7gA=="
  "resolved" "https://registry.npmjs.org/@vue/runtime-dom/-/runtime-dom-3.2.47.tgz"
  "version" "3.2.47"
  dependencies:
    "@vue/runtime-core" "3.2.47"
    "@vue/shared" "3.2.47"
    "csstype" "^2.6.8"

"@vue/server-renderer@3.2.47":
  "integrity" "sha512-dN9gc1i8EvmP9RCzvneONXsKfBRgqFeFZLurmHOveL7oH6HiFXJw5OGu294n1nHc/HMgTy6LulU/tv5/A7f/LA=="
  "resolved" "https://registry.npmjs.org/@vue/server-renderer/-/server-renderer-3.2.47.tgz"
  "version" "3.2.47"
  dependencies:
    "@vue/compiler-ssr" "3.2.47"
    "@vue/shared" "3.2.47"

"@vue/shared@3.2.47":
  "integrity" "sha512-BHGyyGN3Q97EZx0taMQ+OLNuZcW3d37ZEVmEAyeoA9ERdGvm9Irc/0Fua8SNyOtV1w6BS4q25wbMzJujO9HIfQ=="
  "resolved" "https://registry.npmjs.org/@vue/shared/-/shared-3.2.47.tgz"
  "version" "3.2.47"

"abort-controller@^3.0.0":
  "integrity" "sha512-h8lQ8tacZYnR3vNQTgibj+tODHI5/+l06Au2Pcriv/Gmet0eaj4TwWH41sO9wnHDiQsEj19q0drzdWdeAHtweg=="
  "resolved" "https://registry.npmjs.org/abort-controller/-/abort-controller-3.0.0.tgz"
  "version" "3.0.0"
  dependencies:
    "event-target-shim" "^5.0.0"

"asynckit@^0.4.0":
  "integrity" "sha512-Oei9OH4tRh0YqU3GxhX79dM/mwVgvbZJaSNaRk+bshkj0S5cfHcgYakreBjrHwatXKbz+IoIdYLxrKim2MjW0Q=="
  "resolved" "https://registry.npmjs.org/asynckit/-/asynckit-0.4.0.tgz"
  "version" "0.4.0"

"axios@^1.3.4":
  "integrity" "sha512-toYm+Bsyl6VC5wSkfkbbNB6ROv7KY93PEBBL6xyDczaIHasAiv4wPqQ/c4RjoQzipxRD2W5g21cOqQulZ7rHwQ=="
  "resolved" "https://registry.npmjs.org/axios/-/axios-1.3.4.tgz"
  "version" "1.3.4"
  dependencies:
    "follow-redirects" "^1.15.0"
    "form-data" "^4.0.0"
    "proxy-from-env" "^1.1.0"

"busboy@^1.6.0":
  "integrity" "sha512-8SFQbg/0hQ9xy3UNTB0YEnsNBbWfhf7RtnzpL7TkBiTBRfrQ9Fxcnz7VJsleJpyp6rVLvXiuORqjlHi5q+PYuA=="
  "resolved" "https://registry.npmjs.org/busboy/-/busboy-1.6.0.tgz"
  "version" "1.6.0"
  dependencies:
    "streamsearch" "^1.1.0"

"canonicalize@^1.0.1":
  "integrity" "sha512-0CNTVCLZggSh7bc5VkX5WWPWO+cyZbNd07IHIsSXLia/eAq+r836hgk+8BKoEh7949Mda87VUOitx5OddVj64A=="
  "resolved" "https://registry.npmjs.org/canonicalize/-/canonicalize-1.0.8.tgz"
  "version" "1.0.8"

"combined-stream@^1.0.8":
  "integrity" "sha512-FQN4MRfuJeHf7cBbBMJFXhKSDq+2kAArBlmRBvcvFE5BB1HZKXtSFASDhdlz9zOYwxh8lDdnvmMOe/+5cdoEdg=="
  "resolved" "https://registry.npmjs.org/combined-stream/-/combined-stream-1.0.8.tgz"
  "version" "1.0.8"
  dependencies:
    "delayed-stream" "~1.0.0"

"composed-offset-position@^0.0.4":
  "integrity" "sha512-vMlvu1RuNegVE0YsCDSV/X4X10j56mq7PCIyOKK74FxkXzGLwhOUmdkJLSdOBOMwWycobGUMgft2lp+YgTe8hw=="
  "resolved" "https://registry.npmjs.org/composed-offset-position/-/composed-offset-position-0.0.4.tgz"
  "version" "0.0.4"

"csstype@^2.6.8":
  "integrity" "sha512-Z1PhmomIfypOpoMjRQB70jfvy/wxT50qW08YXO5lMIJkrdq4yOTR+AW7FqutScmB9NkLwxo+jU+kZLbofZZq/w=="
  "resolved" "https://registry.npmjs.org/csstype/-/csstype-2.6.21.tgz"
  "version" "2.6.21"

"data-uri-to-buffer@^4.0.0":
  "integrity" "sha512-0R9ikRb668HB7QDxT1vkpuUBtqc53YyAwMwGeUFKRojY/NWKvdZ+9UYtRfGmhqNbRkTSVpMbmyhXipFFv2cb/A=="
  "resolved" "https://registry.npmjs.org/data-uri-to-buffer/-/data-uri-to-buffer-4.0.1.tgz"
  "version" "4.0.1"

"delayed-stream@~1.0.0":
  "integrity" "sha512-ZySD7Nf91aLB0RxL4KGrKHBXl7Eds1DAmEdcoVawXnLD7SDhpNgtuII2aAkg7a7QS41jxPSZ17p4VdGnMHk3MQ=="
  "resolved" "https://registry.npmjs.org/delayed-stream/-/delayed-stream-1.0.0.tgz"
  "version" "1.0.0"

"esbuild@^0.17.5":
  "integrity" "sha512-LBUV2VsUIc/iD9ME75qhT4aJj0r75abCVS0jakhFzOtR7TQsqQA5w0tZ+KTKnwl3kXE0MhskNdHDh/I5aCR1Zw=="
  "resolved" "https://registry.npmjs.org/esbuild/-/esbuild-0.17.15.tgz"
  "version" "0.17.15"
  optionalDependencies:
    "@esbuild/android-arm" "0.17.15"
    "@esbuild/android-arm64" "0.17.15"
    "@esbuild/android-x64" "0.17.15"
    "@esbuild/darwin-arm64" "0.17.15"
    "@esbuild/darwin-x64" "0.17.15"
    "@esbuild/freebsd-arm64" "0.17.15"
    "@esbuild/freebsd-x64" "0.17.15"
    "@esbuild/linux-arm" "0.17.15"
    "@esbuild/linux-arm64" "0.17.15"
    "@esbuild/linux-ia32" "0.17.15"
    "@esbuild/linux-loong64" "0.17.15"
    "@esbuild/linux-mips64el" "0.17.15"
    "@esbuild/linux-ppc64" "0.17.15"
    "@esbuild/linux-riscv64" "0.17.15"
    "@esbuild/linux-s390x" "0.17.15"
    "@esbuild/linux-x64" "0.17.15"
    "@esbuild/netbsd-x64" "0.17.15"
    "@esbuild/openbsd-x64" "0.17.15"
    "@esbuild/sunos-x64" "0.17.15"
    "@esbuild/win32-arm64" "0.17.15"
    "@esbuild/win32-ia32" "0.17.15"
    "@esbuild/win32-x64" "0.17.15"

"estree-walker@^2.0.2":
  "integrity" "sha512-Rfkk/Mp/DL7JVje3u18FxFujQlTNR2q6QfMSMB7AvCBx91NGj/ba3kCfza0f6dVDbw7YlRf/nDrn7pQrCCyQ/w=="
  "resolved" "https://registry.npmjs.org/estree-walker/-/estree-walker-2.0.2.tgz"
  "version" "2.0.2"

"event-target-shim@^5.0.0":
  "integrity" "sha512-i/2XbnSz/uxRCU6+NdVJgKWDTM427+MqYbkQzD321DuCQJUqOuJKIA0IM2+W2xtYHdKOmZ4dR6fExsd4SXL+WQ=="
  "resolved" "https://registry.npmjs.org/event-target-shim/-/event-target-shim-5.0.1.tgz"
  "version" "5.0.1"

"fetch-blob@^3.1.2", "fetch-blob@^3.1.4":
  "integrity" "sha512-7yAQpD2UMJzLi1Dqv7qFYnPbaPx7ZfFK6PiIxQ4PfkGPyNyl2Ugx+a/umUonmKqjhM4DnfbMvdX6otXq83soQQ=="
  "resolved" "https://registry.npmjs.org/fetch-blob/-/fetch-blob-3.2.0.tgz"
  "version" "3.2.0"
  dependencies:
    "node-domexception" "^1.0.0"
    "web-streams-polyfill" "^3.0.3"

"follow-redirects@^1.15.0":
  "integrity" "sha512-VQLG33o04KaQ8uYi2tVNbdrWp1QWxNNea+nmIB4EVM28v0hmP17z7aG1+wAkNzVq4KeXTq3221ye5qTJP91JwA=="
  "resolved" "https://registry.npmjs.org/follow-redirects/-/follow-redirects-1.15.2.tgz"
  "version" "1.15.2"

"form-data@^4.0.0":
  "integrity" "sha512-ETEklSGi5t0QMZuiXoA/Q6vcnxcLQP5vdugSpuAyi6SVGi2clPPp+xgEhuMaHC+zGgn31Kd235W35f7Hykkaww=="
  "resolved" "https://registry.npmjs.org/form-data/-/form-data-4.0.0.tgz"
  "version" "4.0.0"
  dependencies:
    "asynckit" "^0.4.0"
    "combined-stream" "^1.0.8"
    "mime-types" "^2.1.12"

"formdata-polyfill@^4.0.10":
  "integrity" "sha512-buewHzMvYL29jdeQTVILecSaZKnt/RJWjoZCF5OW60Z67/GmSLBkOFM7qh1PI3zFNtJbaZL5eQu1vLfazOwj4g=="
  "resolved" "https://registry.npmjs.org/formdata-polyfill/-/formdata-polyfill-4.0.10.tgz"
  "version" "4.0.10"
  dependencies:
    "fetch-blob" "^3.1.2"

"fsevents@~2.3.2":
  "integrity" "sha512-xiqMQR4xAeHTuB9uWm+fFRcIOgKBMiOBP+eXiyT7jsgVCq1bkVygt00oASowB7EdtpOHaaPgKt812P9ab+DDKA=="
  "resolved" "https://registry.npmjs.org/fsevents/-/fsevents-2.3.2.tgz"
  "version" "2.3.2"

"function-bind@^1.1.1":
  "integrity" "sha512-yIovAzMX49sF8Yl58fSCWJ5svSLuaibPxXQJFLmBObTuCr0Mf1KiPopGM9NiFjiYBCbfaa2Fh6breQ6ANVTI0A=="
  "resolved" "https://registry.npmjs.org/function-bind/-/function-bind-1.1.1.tgz"
  "version" "1.1.1"

"has@^1.0.3":
  "integrity" "sha512-f2dvO0VU6Oej7RkWJGrehjbzMAjFp5/VKPp5tTpWIV4JHHZK1/BxbFRtf/siA2SWTe09caDmVtYYzWEIbBS4zw=="
  "resolved" "https://registry.npmjs.org/has/-/has-1.0.3.tgz"
  "version" "1.0.3"
  dependencies:
    "function-bind" "^1.1.1"

"is-core-module@^2.9.0":
  "integrity" "sha512-RRjxlvLDkD1YJwDbroBHMb+cukurkDWNyHx7D3oNB5x9rb5ogcksMC5wHCadcXoo67gVr/+3GFySh3134zi6rw=="
  "resolved" "https://registry.npmjs.org/is-core-module/-/is-core-module-2.11.0.tgz"
  "version" "2.11.0"
  dependencies:
    "has" "^1.0.3"

"is-promise@^4.0.0":
  "integrity" "sha512-hvpoI6korhJMnej285dSg6nu1+e6uxs7zG3BYAm5byqDsgJNWwxzM6z6iZiAgQR4TJ30JmBTOwqZUw3WlyH3AQ=="
  "resolved" "https://registry.npmjs.org/is-promise/-/is-promise-4.0.0.tgz"
  "version" "4.0.0"

"jsonld@^8.1.1":
  "integrity" "sha512-TbtV1hlnoDYxbscazbxcS7seDGV+pc0yktxpMySh0OBFvnLw/TIth0jiQtP/9r+ywuCbtj10XjDNBIkRgiyeUg=="
  "resolved" "https://registry.npmjs.org/jsonld/-/jsonld-8.1.1.tgz"
  "version" "8.1.1"
  dependencies:
    "@digitalbazaar/http-client" "^3.2.0"
    "canonicalize" "^1.0.1"
    "lru-cache" "^6.0.0"
    "rdf-canonize" "^3.0.0"

"ky-universal@^0.11.0":
  "integrity" "sha512-65KyweaWvk+uKKkCrfAf+xqN2/epw1IJDtlyCPxYffFCMR8u1sp2U65NtWpnozYfZxQ6IUzIlvUcw+hQ82U2Xw=="
  "resolved" "https://registry.npmjs.org/ky-universal/-/ky-universal-0.11.0.tgz"
  "version" "0.11.0"
  dependencies:
    "abort-controller" "^3.0.0"
    "node-fetch" "^3.2.10"

"ky@^0.33.2", "ky@>=0.31.4":
  "integrity" "sha512-CasD9OCEQSFIam2U8efFK81Yeg8vNMTBUqtMOHlrcWQHqUX3HeCl9Dr31u4toV7emlH8Mymk5+9p0lL6mKb/Xw=="
  "resolved" "https://registry.npmjs.org/ky/-/ky-0.33.3.tgz"
  "version" "0.33.3"

"lit-element@^3.3.0":
  "integrity" "sha512-Gl+2409uXWbf7n6cCl7Kzasm7zjT9xmdwi2BhLNi70sRKAgRkqueDu5mSIH3hPYMM0/vqBCdPXod3NbGkRA2ww=="
  "resolved" "https://registry.npmjs.org/lit-element/-/lit-element-3.3.1.tgz"
  "version" "3.3.1"
  dependencies:
    "@lit-labs/ssr-dom-shim" "^1.1.0"
    "@lit/reactive-element" "^1.3.0"
    "lit-html" "^2.7.0"

"lit-html@^2.7.0":
  "integrity" "sha512-san46v7VXK6+2RXS4yveQYFUf9CoO/1bcNb0NibxLoTqlP48vs+l28tRPFDYcXGKWm0XoqcDuCC6mxIs8Jj3Zw=="
  "resolved" "https://registry.npmjs.org/lit-html/-/lit-html-2.7.1.tgz"
  "version" "2.7.1"
  dependencies:
    "@types/trusted-types" "^2.0.2"

"lit@^2.6.1":
  "integrity" "sha512-t1cVWUVQj+ucdx16QPvqzyHWYTj/bvlv6vRCUuZ5T/dA4W2Ui4a4tz7uJ1IhoTb9rKe3pTJiWmoN2GJGGteszw=="
  "resolved" "https://registry.npmjs.org/lit/-/lit-2.7.1.tgz"
  "version" "2.7.1"
  dependencies:
    "@lit/reactive-element" "^1.6.0"
    "lit-element" "^3.3.0"
    "lit-html" "^2.7.0"

"lru-cache@^6.0.0":
  "integrity" "sha512-Jo6dJ04CmSjuznwJSS3pUeWmd/H0ffTlkXXgwZi+eq1UCmqQwCh+eLsYOYCwY991i2Fah4h1BEMCx4qThGbsiA=="
  "resolved" "https://registry.npmjs.org/lru-cache/-/lru-cache-6.0.0.tgz"
  "version" "6.0.0"
  dependencies:
    "yallist" "^4.0.0"

"magic-string@^0.25.7":
  "integrity" "sha512-RmF0AsMzgt25qzqqLc1+MbHmhdx0ojF2Fvs4XnOqz2ZOBXzzkEwc/dJQZCYHAn7v1jbVOjAZfK8msRn4BxO4VQ=="
  "resolved" "https://registry.npmjs.org/magic-string/-/magic-string-0.25.9.tgz"
  "version" "0.25.9"
  dependencies:
    "sourcemap-codec" "^1.4.8"

"marked@^5.0.1":
  "integrity" "sha512-Nn9peC4lvIZdcfp8Uze6xk4ZYowkcj/K6+e/6rLHadhtjqeip/bYRxMgt3124IGGJ3RPs2uX5YVmAGbUutY18g=="
  "resolved" "https://registry.npmjs.org/marked/-/marked-5.0.1.tgz"
  "version" "5.0.1"

"mime-db@1.52.0":
  "integrity" "sha512-sPU4uV7dYlvtWJxwwxHD0PuihVNiE7TyAbQ5SWxDCB9mUYvOgroQOwYQQOKPJ8CIbE+1ETVlOoK1UC2nU3gYvg=="
  "resolved" "https://registry.npmjs.org/mime-db/-/mime-db-1.52.0.tgz"
  "version" "1.52.0"

"mime-types@^2.1.12":
  "integrity" "sha512-ZDY+bPm5zTTF+YpCrAU9nK0UgICYPT0QtT1NZWFv4s++TNkcgVaT0g6+4R2uI4MjQjzysHB1zxuWL50hzaeXiw=="
  "resolved" "https://registry.npmjs.org/mime-types/-/mime-types-2.1.35.tgz"
  "version" "2.1.35"
  dependencies:
    "mime-db" "1.52.0"

"nanoid@^3.3.4":
  "integrity" "sha512-BGcqMMJuToF7i1rt+2PWSNVnWIkGCU78jBG3RxO/bZlnZPK2Cmi2QaffxGO/2RvWi9sL+FAiRiXMgsyxQ1DIDA=="
  "resolved" "https://registry.npmjs.org/nanoid/-/nanoid-3.3.6.tgz"
  "version" "3.3.6"

"node-domexception@^1.0.0":
  "integrity" "sha512-/jKZoMpw0F8GRwl4/eLROPA3cfcXtLApP0QzLmUT/HuPCZWyB7IY9ZrMeKw2O/nFIqPQB3PVM9aYm0F312AXDQ=="
  "resolved" "https://registry.npmjs.org/node-domexception/-/node-domexception-1.0.0.tgz"
  "version" "1.0.0"

"node-fetch@^3.2.10":
  "integrity" "sha512-cRVc/kyto/7E5shrWca1Wsea4y6tL9iYJE5FBCius3JQfb/4P4I295PfhgbJQBLTx6lATE4z+wK0rPM4VS2uow=="
  "resolved" "https://registry.npmjs.org/node-fetch/-/node-fetch-3.3.1.tgz"
  "version" "3.3.1"
  dependencies:
    "data-uri-to-buffer" "^4.0.0"
    "fetch-blob" "^3.1.4"
    "formdata-polyfill" "^4.0.10"

"path-parse@^1.0.7":
  "integrity" "sha512-LDJzPVEEEPR+y48z93A0Ed0yXb8pAByGWo/k5YYdYgpY2/2EsOsksJrq7lOHxryrVOn1ejG6oAp8ahvOIQD8sw=="
  "resolved" "https://registry.npmjs.org/path-parse/-/path-parse-1.0.7.tgz"
  "version" "1.0.7"

"picocolors@^1.0.0":
  "integrity" "sha512-1fygroTLlHu66zi26VoTDv8yRgm0Fccecssto+MhsZ0D/DGW2sm8E8AjW7NU5VVTRt5GxbeZ5qBuJr+HyLYkjQ=="
  "resolved" "https://registry.npmjs.org/picocolors/-/picocolors-1.0.0.tgz"
  "version" "1.0.0"

"pinia@^2.0.33":
  "integrity" "sha512-HOj1yVV2itw6rNIrR2f7+MirGNxhORjrULL8GWgRwXsGSvEqIQ+SE0MYt6cwtpegzCda3i+rVTZM+AM7CG+kRg=="
  "resolved" "https://registry.npmjs.org/pinia/-/pinia-2.0.33.tgz"
  "version" "2.0.33"
  dependencies:
    "@vue/devtools-api" "^6.5.0"
    "vue-demi" "*"

"postcss@^8.1.10", "postcss@^8.4.21":
  "integrity" "sha512-tP7u/Sn/dVxK2NnruI4H9BG+x+Wxz6oeZ1cJ8P6G/PZY0IKk4k/63TDsQf2kQq3+qoJeLm2kIBUNlZe3zgb4Zg=="
  "resolved" "https://registry.npmjs.org/postcss/-/postcss-8.4.21.tgz"
  "version" "8.4.21"
  dependencies:
    "nanoid" "^3.3.4"
    "picocolors" "^1.0.0"
    "source-map-js" "^1.0.2"

"proxy-from-env@^1.1.0":
  "integrity" "sha512-D+zkORCbA9f1tdWRK0RaCR3GPv50cMxcrz4X8k5LTSUD1Dkw47mKJEZQNunItRTkWwgtaUSo1RVFRIG9ZXiFYg=="
  "resolved" "https://registry.npmjs.org/proxy-from-env/-/proxy-from-env-1.1.0.tgz"
  "version" "1.1.0"

"qr-creator@^1.0.0":
  "integrity" "sha512-C0cqfbS1P5hfqN4NhsYsUXePlk9BO+a45bAQ3xLYjBL3bOIFzoVEjs79Fado9u9BPBD3buHi3+vY+C8tHh4qMQ=="
  "resolved" "https://registry.npmjs.org/qr-creator/-/qr-creator-1.0.0.tgz"
  "version" "1.0.0"

"rdf-canonize@^3.0.0":
  "integrity" "sha512-gfSNkMua/VWC1eYbSkVaL/9LQhFeOh0QULwv7Or0f+po8pMgQ1blYQFe1r9Mv2GJZXw88Cz/drnAnB9UlNnHfQ=="
  "resolved" "https://registry.npmjs.org/rdf-canonize/-/rdf-canonize-3.3.0.tgz"
  "version" "3.3.0"
  dependencies:
    "setimmediate" "^1.0.5"

"resolve@^1.22.1":
  "integrity" "sha512-nBpuuYuY5jFsli/JIs1oldw6fOQCBioohqWZg/2hiaOybXOft4lonv85uDOKXdf8rhyK159cxU5cDcK/NKk8zw=="
  "resolved" "https://registry.npmjs.org/resolve/-/resolve-1.22.1.tgz"
  "version" "1.22.1"
  dependencies:
    "is-core-module" "^2.9.0"
    "path-parse" "^1.0.7"
    "supports-preserve-symlinks-flag" "^1.0.0"

"rollup@^3.18.0":
  "integrity" "sha512-3zwkBQl7Ai7MFYQE0y1MeQ15+9jsi7XxfrqwTb/9EK8D9C9+//EBR4M+CuA1KODRaNbFez/lWxA5vhEGZp4MUg=="
  "resolved" "https://registry.npmjs.org/rollup/-/rollup-3.20.2.tgz"
  "version" "3.20.2"
  optionalDependencies:
    "fsevents" "~2.3.2"

"setimmediate@^1.0.5":
  "integrity" "sha512-MATJdZp8sLqDl/68LfQmbP8zKPLQNV6BIZoIgrscFDQ+RsvK/BxeDQOgyxKKoh0y/8h3BqVFnCqQ/gd+reiIXA=="
  "resolved" "https://registry.npmjs.org/setimmediate/-/setimmediate-1.0.5.tgz"
  "version" "1.0.5"

"source-map-js@^1.0.2":
  "integrity" "sha512-R0XvVJ9WusLiqTCEiGCmICCMplcCkIwwR11mOSD9CR5u+IXYdiseeEuXCVAjS54zqwkLcPNnmU4OeJ6tUrWhDw=="
  "resolved" "https://registry.npmjs.org/source-map-js/-/source-map-js-1.0.2.tgz"
  "version" "1.0.2"

"source-map@^0.6.1":
  "integrity" "sha512-UjgapumWlbMhkBgzT7Ykc5YXUT46F0iKu8SGXq0bcwP5dz/h0Plj6enJqjz1Zbq2l5WaqYnrVbwWOWMyF3F47g=="
  "resolved" "https://registry.npmjs.org/source-map/-/source-map-0.6.1.tgz"
  "version" "0.6.1"

"sourcemap-codec@^1.4.8":
  "integrity" "sha512-9NykojV5Uih4lgo5So5dtw+f0JgJX30KCNI8gwhz2J9A15wD0Ml6tjHKwf6fTSa6fAdVBdZeNOs9eJ71qCk8vA=="
  "resolved" "https://registry.npmjs.org/sourcemap-codec/-/sourcemap-codec-1.4.8.tgz"
  "version" "1.4.8"

"streamsearch@^1.1.0":
  "integrity" "sha512-Mcc5wHehp9aXz1ax6bZUyY5afg9u2rv5cqQI3mRrYkGC8rW2hM02jWuwjtL++LS5qinSyhj2QfLyNsuc+VsExg=="
  "resolved" "https://registry.npmjs.org/streamsearch/-/streamsearch-1.1.0.tgz"
  "version" "1.1.0"

"supports-preserve-symlinks-flag@^1.0.0":
  "integrity" "sha512-ot0WnXS9fgdkgIcePe6RHNk1WA8+muPa6cSjeR3V8K27q9BB1rTE3R1p7Hv0z1ZyAc8s6Vvv8DIyWf681MAt0w=="
  "resolved" "https://registry.npmjs.org/supports-preserve-symlinks-flag/-/supports-preserve-symlinks-flag-1.0.0.tgz"
  "version" "1.0.0"

"tippy.js@^6.3.7":
  "integrity" "sha512-E1d3oP2emgJ9dRQZdf3Kkn0qJgI6ZLpyS5z6ZkY1DF3kaQaBsGZsndEpHwx+eC+tYM41HaSNvNtLx8tU57FzTQ=="
  "resolved" "https://registry.npmjs.org/tippy.js/-/tippy.js-6.3.7.tgz"
  "version" "6.3.7"
  dependencies:
    "@popperjs/core" "^2.9.0"

"ts-md5@^1.3.1":
  "integrity" "sha512-DiwiXfwvcTeZ5wCE0z+2A9EseZsztaiZtGrtSaY5JOD7ekPnR/GoIVD5gXZAlK9Na9Kvpo9Waz5rW64WKAWApg=="
  "resolved" "https://registry.npmjs.org/ts-md5/-/ts-md5-1.3.1.tgz"
  "version" "1.3.1"

"undici@^5.15.0":
  "integrity" "sha512-f6pTQ9RF4DQtwoWSaC42P/NKlUjvezVvd9r155ohqkwFNRyBKM3f3pcty3ouusefNRyM25XhIQEbeQ46sZDJfQ=="
  "resolved" "https://registry.npmjs.org/undici/-/undici-5.21.2.tgz"
  "version" "5.21.2"
  dependencies:
    "busboy" "^1.6.0"

"vite@^4.0.0", "vite@^4.2.0":
  "integrity" "sha512-7MKhqdy0ISo4wnvwtqZkjke6XN4taqQ2TBaTccLIpOKv7Vp2h4Y+NpmWCnGDeSvvn45KxvWgGyb0MkHvY1vgbg=="
  "resolved" "https://registry.npmjs.org/vite/-/vite-4.2.1.tgz"
  "version" "4.2.1"
  dependencies:
    "esbuild" "^0.17.5"
    "postcss" "^8.4.21"
    "resolve" "^1.22.1"
    "rollup" "^3.18.0"
  optionalDependencies:
    "fsevents" "~2.3.2"

"vue-demi@*":
  "integrity" "sha512-IR8HoEEGM65YY3ZJYAjMlKygDQn25D5ajNFNoKh9RSDMQtlzCxtfQjdQgv9jjK+m3377SsJXY8ysq8kLCZL25A=="
  "resolved" "https://registry.npmjs.org/vue-demi/-/vue-demi-0.13.11.tgz"
  "version" "0.13.11"

"vue-router@^4.1.6":
  "integrity" "sha512-DYWYwsG6xNPmLq/FmZn8Ip+qrhFEzA14EI12MsMgVxvHFDYvlr4NXpVF5hrRH1wVcDP8fGi5F4rxuJSl8/r+EQ=="
  "resolved" "https://registry.npmjs.org/vue-router/-/vue-router-4.1.6.tgz"
  "version" "4.1.6"
  dependencies:
    "@vue/devtools-api" "^6.4.5"

"vue@^2.6.14 || ^3.2.0", "vue@^3.0.0-0 || ^2.6.0", "vue@^3.2.0", "vue@^3.2.25", "vue@^3.2.47", "vue@>= 3.0.0 < 4", "vue@3.2.47":
  "integrity" "sha512-60188y/9Dc9WVrAZeUVSDxRQOZ+z+y5nO2ts9jWXSTkMvayiWxCWOWtBQoYjLeccfXkiiPZWAHcV+WTPhkqJHQ=="
  "resolved" "https://registry.npmjs.org/vue/-/vue-3.2.47.tgz"
  "version" "3.2.47"
  dependencies:
    "@vue/compiler-dom" "3.2.47"
    "@vue/compiler-sfc" "3.2.47"
    "@vue/runtime-dom" "3.2.47"
    "@vue/server-renderer" "3.2.47"
    "@vue/shared" "3.2.47"

"web-streams-polyfill@^3.0.3", "web-streams-polyfill@>=3.2.1":
  "integrity" "sha512-e0MO3wdXWKrLbL0DgGnUV7WHVuw9OUvL4hjgnPkIeEvESk74gAITi5G606JtZPp39cd8HA9VQzCIvA49LpPN5Q=="
  "resolved" "https://registry.npmjs.org/web-streams-polyfill/-/web-streams-polyfill-3.2.1.tgz"
  "version" "3.2.1"

"yallist@^4.0.0":
  "integrity" "sha512-3wdGidZyq5PB084XLES5TpOSRA3wjXAlIWMhum2kRcv/41Sn2emQ0dycQW4uZXLejwKvg6EsvbdlVL+FYEct7A=="
  "resolved" "https://registry.npmjs.org/yallist/-/yallist-4.0.0.tgz"
  "version" "4.0.0"

"yarn@^1.22.19":
  "integrity" "sha512-/0V5q0WbslqnwP91tirOvldvYISzaqhClxzyUKXYxs07yUILIs5jx/k6CFe8bvKSkds5w+eiOqta39Wk3WxdcQ=="
  "resolved" "https://registry.npmjs.org/yarn/-/yarn-1.22.19.tgz"
  "version" "1.22.19"
